
Microsoft Visual Studio Solution File, Format Version 12.00
# Visual Studio Version 16
VisualStudioVersion = 16.0.30717.126
MinimumVisualStudioVersion = 10.0.40219.1
Project("{8BC9CEB8-8B4A-11D0-8D11-00A0C91BC942}") = "c-programming-003-enumChallange", "c-programming-003-enumChallange\c-programming-003-enumChallange.vcxproj", "{31D2BDD4-E350-4AE0-A197-FA5EE8800322}"
EndProject
Global
	GlobalSection(SolutionConfigurationPlatforms) = preSolution
		Debug|x64 = Debug|x64
		Debug|x86 = Debug|x86
		Release|x64 = Release|x64
		Release|x86 = Release|x86
	EndGlobalSection
	GlobalSection(ProjectConfigurationPlatforms) = postSolution
		{31D2BDD4-E350-4AE0-A197-FA5EE8800322}.Debug|x64.ActiveCfg = Debug|x64
		{31D2BDD4-E350-4AE0-A197-FA5EE8800322}.Debug|x64.Build.0 = Debug|x64
		{31D2BDD4-E350-4AE0-A197-FA5EE8800322}.Debug|x86.ActiveCfg = Debug|Win32
		{31D2BDD4-E350-4AE0-A197-FA5EE8800322}.Debug|x86.Build.0 = Debug|Win32
		{31D2BDD4-E350-4AE0-A197-FA5EE8800322}.Release|x64.ActiveCfg = Release|x64
		{31D2BDD4-E350-4AE0-A197-FA5EE8800322}.Release|x64.Build.0 = Release|x64
		{31D2BDD4-E350-4AE0-A197-FA5EE8800322}.Release|x86.ActiveCfg = Release|Win32
		{31D2BDD4-E350-4AE0-A197-FA5EE8800322}.Release|x86.Build.0 = Release|Win32
	EndGlobalSection
	GlobalSection(SolutionProperties) = preSolution
		HideSolutionNode = FALSE
	EndGlobalSection
	GlobalSection(ExtensibilityGlobals) = postSolution
		SolutionGuid = {EB9421D0-E63B-4087-AF7F-02B3A906EF44}
	EndGlobalSection
EndGlobal
